
Microsoft Visual Studio Solution File, Format Version 12.00
# Visual Studio for Mac
Project("{FAE04EC0-301F-11D3-BF4B-00C04F79EFBC}") = "Assembly-CSharp", "Assembly-CSharp.csproj", "{D678EBEB-4651-3B42-6E8F-A00A28CE0D1C}"
EndProject
Project("{FAE04EC0-301F-11D3-BF4B-00C04F79EFBC}") = "Assembly-CSharp-Editor", "Assembly-CSharp-Editor.csproj", "{52C104BD-B01D-7589-3C32-7C850425E590}"
EndProject
Global
	GlobalSection(SolutionConfigurationPlatforms) = preSolution
		Debug|Any CPU = Debug|Any CPU
		Release|Any CPU = Release|Any CPU
	EndGlobalSection
	GlobalSection(ProjectConfigurationPlatforms) = postSolution
		{D678EBEB-4651-3B42-6E8F-A00A28CE0D1C}.Debug|Any CPU.ActiveCfg = Debug|Any CPU
		{D678EBEB-4651-3B42-6E8F-A00A28CE0D1C}.Debug|Any CPU.Build.0 = Debug|Any CPU
		{D678EBEB-4651-3B42-6E8F-A00A28CE0D1C}.Release|Any CPU.ActiveCfg = Release|Any CPU
		{D678EBEB-4651-3B42-6E8F-A00A28CE0D1C}.Release|Any CPU.Build.0 = Release|Any CPU
		{52C104BD-B01D-7589-3C32-7C850425E590}.Debug|Any CPU.ActiveCfg = Debug|Any CPU
		{52C104BD-B01D-7589-3C32-7C850425E590}.Debug|Any CPU.Build.0 = Debug|Any CPU
		{52C104BD-B01D-7589-3C32-7C850425E590}.Release|Any CPU.ActiveCfg = Release|Any CPU
		{52C104BD-B01D-7589-3C32-7C850425E590}.Release|Any CPU.Build.0 = Release|Any CPU
	EndGlobalSection
	GlobalSection(SolutionProperties) = preSolution
		HideSolutionNode = FALSE
	EndGlobalSection
	GlobalSection(MonoDevelopProperties) = preSolution
		StartupItem = Assembly-CSharp.csproj
	EndGlobalSection
EndGlobal
